
Microsoft Visual Studio Solution File, Format Version 12.00
# Visual Studio Version 16
VisualStudioVersion = 16.0.30413.136
MinimumVisualStudioVersion = 10.0.40219.1
Project("{FAE04EC0-301F-11D3-BF4B-00C04F79EFBC}") = "Vistas", "TPIntegrador-2020\Vistas.csproj", "{833D53E2-3097-479A-B7D8-1BE8AAD79CEF}"
EndProject
Project("{FAE04EC0-301F-11D3-BF4B-00C04F79EFBC}") = "Negocio", "Negocio\Negocio.csproj", "{D31CFD7A-6576-41B0-AC0C-2427F978C51D}"
EndProject
Project("{FAE04EC0-301F-11D3-BF4B-00C04F79EFBC}") = "Datos", "Datos\Datos.csproj", "{92D2096D-B548-4C80-A559-E89A8CC85D83}"
EndProject
Project("{FAE04EC0-301F-11D3-BF4B-00C04F79EFBC}") = "Entidades", "Entidades\Entidades.csproj", "{930215E3-E68A-4EBE-B7CD-6D4C66ACB009}"
EndProject
Global
	GlobalSection(SolutionConfigurationPlatforms) = preSolution
		Debug|Any CPU = Debug|Any CPU
		Release|Any CPU = Release|Any CPU
	EndGlobalSection
	GlobalSection(ProjectConfigurationPlatforms) = postSolution
		{833D53E2-3097-479A-B7D8-1BE8AAD79CEF}.Debug|Any CPU.ActiveCfg = Debug|Any CPU
		{833D53E2-3097-479A-B7D8-1BE8AAD79CEF}.Debug|Any CPU.Build.0 = Debug|Any CPU
		{833D53E2-3097-479A-B7D8-1BE8AAD79CEF}.Release|Any CPU.ActiveCfg = Release|Any CPU
		{833D53E2-3097-479A-B7D8-1BE8AAD79CEF}.Release|Any CPU.Build.0 = Release|Any CPU
		{D31CFD7A-6576-41B0-AC0C-2427F978C51D}.Debug|Any CPU.ActiveCfg = Debug|Any CPU
		{D31CFD7A-6576-41B0-AC0C-2427F978C51D}.Debug|Any CPU.Build.0 = Debug|Any CPU
		{D31CFD7A-6576-41B0-AC0C-2427F978C51D}.Release|Any CPU.ActiveCfg = Release|Any CPU
		{D31CFD7A-6576-41B0-AC0C-2427F978C51D}.Release|Any CPU.Build.0 = Release|Any CPU
		{92D2096D-B548-4C80-A559-E89A8CC85D83}.Debug|Any CPU.ActiveCfg = Debug|Any CPU
		{92D2096D-B548-4C80-A559-E89A8CC85D83}.Debug|Any CPU.Build.0 = Debug|Any CPU
		{92D2096D-B548-4C80-A559-E89A8CC85D83}.Release|Any CPU.ActiveCfg = Release|Any CPU
		{92D2096D-B548-4C80-A559-E89A8CC85D83}.Release|Any CPU.Build.0 = Release|Any CPU
		{930215E3-E68A-4EBE-B7CD-6D4C66ACB009}.Debug|Any CPU.ActiveCfg = Debug|Any CPU
		{930215E3-E68A-4EBE-B7CD-6D4C66ACB009}.Debug|Any CPU.Build.0 = Debug|Any CPU
		{930215E3-E68A-4EBE-B7CD-6D4C66ACB009}.Release|Any CPU.ActiveCfg = Release|Any CPU
		{930215E3-E68A-4EBE-B7CD-6D4C66ACB009}.Release|Any CPU.Build.0 = Release|Any CPU
	EndGlobalSection
	GlobalSection(SolutionProperties) = preSolution
		HideSolutionNode = FALSE
	EndGlobalSection
	GlobalSection(ExtensibilityGlobals) = postSolution
		SolutionGuid = {9C4813BC-877F-4209-B0C9-1741EEFD76A0}
	EndGlobalSection
EndGlobal
